
Microsoft Visual Studio Solution File, Format Version 12.00
# Visual Studio Version 17
VisualStudioVersion = 17.1.32328.378
MinimumVisualStudioVersion = 10.0.40219.1
Project("{888888A0-9F3D-457C-B088-3A5042F75D52}") = "Depurador_Duplicados", "Depurador_Duplicados\Depurador_Duplicados.pyproj", "{7BE49F3D-5E51-482C-B094-754EB016B1E1}"
EndProject
Global
	GlobalSection(SolutionConfigurationPlatforms) = preSolution
		Debug|Any CPU = Debug|Any CPU
		Release|Any CPU = Release|Any CPU
	EndGlobalSection
	GlobalSection(ProjectConfigurationPlatforms) = postSolution
		{7BE49F3D-5E51-482C-B094-754EB016B1E1}.Debug|Any CPU.ActiveCfg = Debug|Any CPU
		{7BE49F3D-5E51-482C-B094-754EB016B1E1}.Release|Any CPU.ActiveCfg = Release|Any CPU
	EndGlobalSection
	GlobalSection(SolutionProperties) = preSolution
		HideSolutionNode = FALSE
	EndGlobalSection
	GlobalSection(ExtensibilityGlobals) = postSolution
		SolutionGuid = {F362233B-2FAC-4010-B797-DAB0677D4581}
	EndGlobalSection
EndGlobal
